
Microsoft Visual Studio Solution File, Format Version 12.00
# Visual Studio Version 17
VisualStudioVersion = 17.14.36310.24 d17.14
MinimumVisualStudioVersion = 10.0.40219.1
Project("{FAE04EC0-301F-11D3-BF4B-00C04F79EFBC}") = "PetHomeAPI", "PetHomeAPI\PetHomeAPI.csproj", "{B042331D-B173-4E93-988B-6AEB494D0709}"
EndProject
Global
	GlobalSection(SolutionConfigurationPlatforms) = preSolution
		Debug|Any CPU = Debug|Any CPU
		Release|Any CPU = Release|Any CPU
	EndGlobalSection
	GlobalSection(ProjectConfigurationPlatforms) = postSolution
		{B042331D-B173-4E93-988B-6AEB494D0709}.Debug|Any CPU.ActiveCfg = Debug|Any CPU
		{B042331D-B173-4E93-988B-6AEB494D0709}.Debug|Any CPU.Build.0 = Debug|Any CPU
		{B042331D-B173-4E93-988B-6AEB494D0709}.Release|Any CPU.ActiveCfg = Release|Any CPU
		{B042331D-B173-4E93-988B-6AEB494D0709}.Release|Any CPU.Build.0 = Release|Any CPU
	EndGlobalSection
	GlobalSection(SolutionProperties) = preSolution
		HideSolutionNode = FALSE
	EndGlobalSection
	GlobalSection(ExtensibilityGlobals) = postSolution
		SolutionGuid = {30416198-D2FB-4BD9-9254-89AB375D41BC}
	EndGlobalSection
EndGlobal
